{
  "version": 4,
  "terraform_version": "1.3.3",
  "serial": 209,
  "lineage": "ecd43034-9dea-2a1f-9933-6374897c4fe2",
  "outputs": {},
  "resources": [
    {
      "mode": "managed",
      "type": "google_compute_address",
      "name": "nat",
      "provider": "provider[\"registry.terraform.io/hashicorp/google\"]",
      "instances": [
        {
          "schema_version": 0,
          "attributes": {
            "address": "34.132.2.252",
            "address_type": "EXTERNAL",
            "creation_timestamp": "2024-02-25T05:31:06.815-08:00",
            "description": "",
            "id": "projects/ferrous-syntax-405016/regions/us-central1/addresses/nat",
            "ip_version": "",
            "ipv6_endpoint_type": "",
            "name": "nat",
            "network": "",
            "network_tier": "PREMIUM",
            "prefix_length": 0,
            "project": "ferrous-syntax-405016",
            "purpose": "",
            "region": "us-central1",
            "self_link": "https://www.googleapis.com/compute/v1/projects/ferrous-syntax-405016/regions/us-central1/addresses/nat",
            "subnetwork": "",
            "timeouts": null,
            "users": [
              "https://www.googleapis.com/compute/v1/projects/ferrous-syntax-405016/regions/us-central1/routers/router"
            ]
          },
          "sensitive_attributes": [],
          "private": "eyJlMmJmYjczMC1lY2FhLTExZTYtOGY4OC0zNDM2M2JjN2M0YzAiOnsiY3JlYXRlIjoxMjAwMDAwMDAwMDAwLCJkZWxldGUiOjEyMDAwMDAwMDAwMDB9fQ==",
          "dependencies": [
            "google_project_service.compute"
          ]
        }
      ]
    },
    {
      "mode": "managed",
      "type": "google_compute_firewall",
      "name": "allow-ssh",
      "provider": "provider[\"registry.terraform.io/hashicorp/google\"]",
      "instances": [
        {
          "schema_version": 1,
          "attributes": {
            "allow": [
              {
                "ports": [
                  "22"
                ],
                "protocol": "tcp"
              }
            ],
            "creation_timestamp": "2024-02-25T05:31:05.857-08:00",
            "deny": [],
            "description": "",
            "destination_ranges": [],
            "direction": "INGRESS",
            "disabled": false,
            "enable_logging": null,
            "id": "projects/ferrous-syntax-405016/global/firewalls/allow-ssh",
            "log_config": [],
            "name": "allow-ssh",
            "network": "https://www.googleapis.com/compute/v1/projects/ferrous-syntax-405016/global/networks/main",
            "priority": 1000,
            "project": "ferrous-syntax-405016",
            "self_link": "https://www.googleapis.com/compute/v1/projects/ferrous-syntax-405016/global/firewalls/allow-ssh",
            "source_ranges": [
              "0.0.0.0/0"
            ],
            "source_service_accounts": [],
            "source_tags": [],
            "target_service_accounts": [],
            "target_tags": [],
            "timeouts": null
          },
          "sensitive_attributes": [],
          "private": "eyJlMmJmYjczMC1lY2FhLTExZTYtOGY4OC0zNDM2M2JjN2M0YzAiOnsiY3JlYXRlIjoxMjAwMDAwMDAwMDAwLCJkZWxldGUiOjEyMDAwMDAwMDAwMDAsInVwZGF0ZSI6MTIwMDAwMDAwMDAwMH0sInNjaGVtYV92ZXJzaW9uIjoiMSJ9",
          "dependencies": [
            "google_compute_network.main",
            "google_project_service.compute",
            "google_project_service.container"
          ]
        }
      ]
    },
    {
      "mode": "managed",
      "type": "google_compute_network",
      "name": "main",
      "provider": "provider[\"registry.terraform.io/hashicorp/google\"]",
      "instances": [
        {
          "schema_version": 0,
          "attributes": {
            "auto_create_subnetworks": false,
            "delete_default_routes_on_create": false,
            "description": "",
            "enable_ula_internal_ipv6": false,
            "gateway_ipv4": "",
            "id": "projects/ferrous-syntax-405016/global/networks/main",
            "internal_ipv6_range": "",
            "mtu": 1460,
            "name": "main",
            "network_firewall_policy_enforcement_order": "AFTER_CLASSIC_FIREWALL",
            "project": "ferrous-syntax-405016",
            "routing_mode": "REGIONAL",
            "self_link": "https://www.googleapis.com/compute/v1/projects/ferrous-syntax-405016/global/networks/main",
            "timeouts": null
          },
          "sensitive_attributes": [],
          "private": "eyJlMmJmYjczMC1lY2FhLTExZTYtOGY4OC0zNDM2M2JjN2M0YzAiOnsiY3JlYXRlIjoxMjAwMDAwMDAwMDAwLCJkZWxldGUiOjEyMDAwMDAwMDAwMDAsInVwZGF0ZSI6MTIwMDAwMDAwMDAwMH19",
          "dependencies": [
            "google_project_service.compute",
            "google_project_service.container"
          ]
        }
      ]
    },
    {
      "mode": "managed",
      "type": "google_compute_router",
      "name": "router",
      "provider": "provider[\"registry.terraform.io/hashicorp/google\"]",
      "instances": [
        {
          "schema_version": 0,
          "attributes": {
            "bgp": [],
            "creation_timestamp": "2024-02-25T05:31:06.052-08:00",
            "description": "",
            "encrypted_interconnect_router": false,
            "id": "projects/ferrous-syntax-405016/regions/us-central1/routers/router",
            "name": "router",
            "network": "https://www.googleapis.com/compute/v1/projects/ferrous-syntax-405016/global/networks/main",
            "project": "ferrous-syntax-405016",
            "region": "us-central1",
            "self_link": "https://www.googleapis.com/compute/v1/projects/ferrous-syntax-405016/regions/us-central1/routers/router",
            "timeouts": null
          },
          "sensitive_attributes": [],
          "private": "eyJlMmJmYjczMC1lY2FhLTExZTYtOGY4OC0zNDM2M2JjN2M0YzAiOnsiY3JlYXRlIjoxMjAwMDAwMDAwMDAwLCJkZWxldGUiOjEyMDAwMDAwMDAwMDAsInVwZGF0ZSI6MTIwMDAwMDAwMDAwMH19",
          "dependencies": [
            "google_compute_network.main",
            "google_project_service.compute",
            "google_project_service.container"
          ]
        }
      ]
    },
    {
      "mode": "managed",
      "type": "google_compute_router_nat",
      "name": "nat",
      "provider": "provider[\"registry.terraform.io/hashicorp/google\"]",
      "instances": [
        {
          "schema_version": 0,
          "attributes": {
            "drain_nat_ips": [],
            "enable_dynamic_port_allocation": false,
            "enable_endpoint_independent_mapping": true,
            "icmp_idle_timeout_sec": 30,
            "id": "ferrous-syntax-405016/us-central1/router/nat",
            "log_config": [],
            "max_ports_per_vm": 0,
            "min_ports_per_vm": 0,
            "name": "nat",
            "nat_ip_allocate_option": "MANUAL_ONLY",
            "nat_ips": [
              "https://www.googleapis.com/compute/v1/projects/ferrous-syntax-405016/regions/us-central1/addresses/nat"
            ],
            "project": "ferrous-syntax-405016",
            "region": "us-central1",
            "router": "router",
            "rules": [],
            "source_subnetwork_ip_ranges_to_nat": "LIST_OF_SUBNETWORKS",
            "subnetwork": [
              {
                "name": "https://www.googleapis.com/compute/v1/projects/ferrous-syntax-405016/regions/us-central1/subnetworks/private",
                "secondary_ip_range_names": [],
                "source_ip_ranges_to_nat": [
                  "ALL_IP_RANGES"
                ]
              }
            ],
            "tcp_established_idle_timeout_sec": 1200,
            "tcp_time_wait_timeout_sec": 120,
            "tcp_transitory_idle_timeout_sec": 30,
            "timeouts": null,
            "udp_idle_timeout_sec": 30
          },
          "sensitive_attributes": [],
          "private": "eyJlMmJmYjczMC1lY2FhLTExZTYtOGY4OC0zNDM2M2JjN2M0YzAiOnsiY3JlYXRlIjoxMjAwMDAwMDAwMDAwLCJkZWxldGUiOjEyMDAwMDAwMDAwMDAsInVwZGF0ZSI6MTIwMDAwMDAwMDAwMH19",
          "dependencies": [
            "google_compute_address.nat",
            "google_compute_network.main",
            "google_compute_router.router",
            "google_compute_subnetwork.private",
            "google_project_service.compute",
            "google_project_service.container"
          ]
        }
      ]
    },
    {
      "mode": "managed",
      "type": "google_compute_subnetwork",
      "name": "private",
      "provider": "provider[\"registry.terraform.io/hashicorp/google\"]",
      "instances": [
        {
          "schema_version": 0,
          "attributes": {
            "creation_timestamp": "2024-02-25T05:31:06.917-08:00",
            "description": "",
            "external_ipv6_prefix": "",
            "fingerprint": null,
            "gateway_address": "10.0.0.1",
            "id": "projects/ferrous-syntax-405016/regions/us-central1/subnetworks/private",
            "internal_ipv6_prefix": "",
            "ip_cidr_range": "10.0.0.0/18",
            "ipv6_access_type": "",
            "ipv6_cidr_range": "",
            "log_config": [],
            "name": "private",
            "network": "https://www.googleapis.com/compute/v1/projects/ferrous-syntax-405016/global/networks/main",
            "private_ip_google_access": true,
            "private_ipv6_google_access": "DISABLE_GOOGLE_ACCESS",
            "project": "ferrous-syntax-405016",
            "purpose": "PRIVATE",
            "region": "us-central1",
            "role": "",
            "secondary_ip_range": [
              {
                "ip_cidr_range": "10.48.0.0/14",
                "range_name": "k8s-pod-range"
              },
              {
                "ip_cidr_range": "10.52.0.0/20",
                "range_name": "k8s-service-range"
              }
            ],
            "self_link": "https://www.googleapis.com/compute/v1/projects/ferrous-syntax-405016/regions/us-central1/subnetworks/private",
            "stack_type": "IPV4_ONLY",
            "timeouts": null
          },
          "sensitive_attributes": [],
          "private": "eyJlMmJmYjczMC1lY2FhLTExZTYtOGY4OC0zNDM2M2JjN2M0YzAiOnsiY3JlYXRlIjoxMjAwMDAwMDAwMDAwLCJkZWxldGUiOjEyMDAwMDAwMDAwMDAsInVwZGF0ZSI6MTIwMDAwMDAwMDAwMH19",
          "dependencies": [
            "google_compute_network.main",
            "google_project_service.compute",
            "google_project_service.container"
          ]
        }
      ]
    },
    {
      "mode": "managed",
      "type": "google_container_node_pool",
      "name": "general",
      "provider": "provider[\"registry.terraform.io/hashicorp/google\"]",
      "instances": []
    },
    {
      "mode": "managed",
      "type": "google_container_node_pool",
      "name": "spot",
      "provider": "provider[\"registry.terraform.io/hashicorp/google\"]",
      "instances": []
    },
    {
      "mode": "managed",
      "type": "google_project_service",
      "name": "compute",
      "provider": "provider[\"registry.terraform.io/hashicorp/google\"]",
      "instances": [
        {
          "schema_version": 0,
          "attributes": {
            "disable_dependent_services": null,
            "disable_on_destroy": true,
            "id": "ferrous-syntax-405016/compute.googleapis.com",
            "project": "ferrous-syntax-405016",
            "service": "compute.googleapis.com",
            "timeouts": null
          },
          "sensitive_attributes": [],
          "private": "eyJlMmJmYjczMC1lY2FhLTExZTYtOGY4OC0zNDM2M2JjN2M0YzAiOnsiY3JlYXRlIjoxMjAwMDAwMDAwMDAwLCJkZWxldGUiOjEyMDAwMDAwMDAwMDAsInJlYWQiOjYwMDAwMDAwMDAwMCwidXBkYXRlIjoxMjAwMDAwMDAwMDAwfX0="
        }
      ]
    },
    {
      "mode": "managed",
      "type": "google_project_service",
      "name": "container",
      "provider": "provider[\"registry.terraform.io/hashicorp/google\"]",
      "instances": [
        {
          "schema_version": 0,
          "attributes": {
            "disable_dependent_services": null,
            "disable_on_destroy": true,
            "id": "ferrous-syntax-405016/container.googleapis.com",
            "project": "ferrous-syntax-405016",
            "service": "container.googleapis.com",
            "timeouts": null
          },
          "sensitive_attributes": [],
          "private": "eyJlMmJmYjczMC1lY2FhLTExZTYtOGY4OC0zNDM2M2JjN2M0YzAiOnsiY3JlYXRlIjoxMjAwMDAwMDAwMDAwLCJkZWxldGUiOjEyMDAwMDAwMDAwMDAsInJlYWQiOjYwMDAwMDAwMDAwMCwidXBkYXRlIjoxMjAwMDAwMDAwMDAwfX0="
        }
      ]
    },
    {
      "mode": "managed",
      "type": "google_service_account",
      "name": "kubernetes",
      "provider": "provider[\"registry.terraform.io/hashicorp/google\"]",
      "instances": [
        {
          "schema_version": 0,
          "attributes": {
            "account_id": "kubernetes",
            "description": "",
            "disabled": false,
            "display_name": "",
            "email": "kubernetes@ferrous-syntax-405016.iam.gserviceaccount.com",
            "id": "projects/ferrous-syntax-405016/serviceAccounts/kubernetes@ferrous-syntax-405016.iam.gserviceaccount.com",
            "member": "serviceAccount:kubernetes@ferrous-syntax-405016.iam.gserviceaccount.com",
            "name": "projects/ferrous-syntax-405016/serviceAccounts/kubernetes@ferrous-syntax-405016.iam.gserviceaccount.com",
            "project": "ferrous-syntax-405016",
            "timeouts": null,
            "unique_id": "107303141025591048634"
          },
          "sensitive_attributes": [],
          "private": "eyJlMmJmYjczMC1lY2FhLTExZTYtOGY4OC0zNDM2M2JjN2M0YzAiOnsiY3JlYXRlIjozMDAwMDAwMDAwMDB9fQ=="
        }
      ]
    }
  ],
  "check_results": []
}
